{
    "_readme": [
        "This file locks the dependencies of your project to a known state",
        "Read more about it at https://getcomposer.org/doc/01-basic-usage.md#composer-lock-the-lock-file",
        "This file is @generated automatically"
    ],
    "hash": "40d7f244624f3db42c056a81aa41647c",
    "content-hash": "50a702c20851d356ac12f8b3ce84f3fa",
    "packages": [
        {
            "name": "composer/installers",
            "version": "v1.0.21",
            "source": {
                "type": "git",
                "url": "https://github.com/composer/installers.git",
                "reference": "d64e23fce42a4063d63262b19b8e7c0f3b5e4c45"
            },
            "dist": {
                "type": "zip",
                "url": "https://api.github.com/repos/composer/installers/zipball/d64e23fce42a4063d63262b19b8e7c0f3b5e4c45",
                "reference": "d64e23fce42a4063d63262b19b8e7c0f3b5e4c45",
                "shasum": ""
            },
            "replace": {
                "roundcube/plugin-installer": "*",
                "shama/baton": "*"
            },
            "require-dev": {
                "composer/composer": "1.0.*@dev",
                "phpunit/phpunit": "4.1.*"
            },
            "type": "composer-installer",
            "extra": {
                "class": "Composer\\Installers\\Installer",
                "branch-alias": {
                    "dev-master": "1.0-dev"
                }
            },
            "autoload": {
                "psr-0": {
                    "Composer\\Installers\\": "src/"
                }
            },
            "notification-url": "https://packagist.org/downloads/",
            "license": [
                "MIT"
            ],
            "authors": [
                {
                    "name": "Kyle Robinson Young",
                    "email": "kyle@dontkry.com",
                    "homepage": "https://github.com/shama"
                }
            ],
            "description": "A multi-framework Composer library installer",
            "homepage": "http://composer.github.com/installers/",
            "keywords": [
                "Craft",
                "Dolibarr",
                "Hurad",
                "MODX Evo",
                "OXID",
                "SMF",
                "Thelia",
                "WolfCMS",
                "agl",
                "aimeos",
                "annotatecms",
                "bitrix",
                "cakephp",
                "chef",
                "codeigniter",
                "concrete5",
                "croogo",
                "dokuwiki",
                "drupal",
                "elgg",
                "fuelphp",
                "grav",
                "installer",
                "joomla",
                "kohana",
                "laravel",
                "lithium",
                "magento",
                "mako",
                "mediawiki",
                "modulework",
                "moodle",
                "phpbb",
                "piwik",
                "ppi",
                "puppet",
                "roundcube",
                "shopware",
                "silverstripe",
                "symfony",
                "typo3",
                "wordpress",
                "zend",
                "zikula"
            ],
            "time": "2015-02-18 17:17:01"
        },
        {
            "name": "fancyguy/webroot-installer",
            "version": "1.1.0",
            "source": {
                "type": "git",
                "url": "https://github.com/fancyguy/webroot-installer.git",
                "reference": "a2d5c2e149d837e5580a62a91d3c91577aa30d28"
            },
            "dist": {
                "type": "zip",
                "url": "https://api.github.com/repos/fancyguy/webroot-installer/zipball/a2d5c2e149d837e5580a62a91d3c91577aa30d28",
                "reference": "a2d5c2e149d837e5580a62a91d3c91577aa30d28",
                "shasum": ""
            },
            "require-dev": {
                "composer/composer": "1.0.*@dev",
                "phpunit/phpunit": "3.7.*"
            },
            "type": "composer-installer",
            "extra": {
                "class": "FancyGuy\\Composer\\WebrootInstaller"
            },
            "autoload": {
                "psr-0": {
                    "FancyGuy\\Composer\\": "src/"
                }
            },
            "notification-url": "https://packagist.org/downloads/",
            "license": [
                "BSD-3-Clause"
            ],
            "authors": [
                {
                    "name": "Steve Buzonas",
                    "email": "steve@fancyguy.com",
                    "homepage": "http://www.stevebuzonas.com"
                }
            ],
            "description": "A composer installer for libraries that live in an application webroot.",
            "homepage": "http://fancyguy.github.com/webroot-installer/",
            "time": "2013-03-15 17:51:14"
        },
        {
            "name": "koodimonni/composer-dropin-installer",
            "version": "0.2.4",
            "source": {
                "type": "git",
                "url": "https://github.com/Koodimonni/Composer-Dropin-Installer.git",
                "reference": "618b96fd3bc8c1532610b7f7baedc4e60736a340"
            },
            "dist": {
                "type": "zip",
                "url": "https://api.github.com/repos/Koodimonni/Composer-Dropin-Installer/zipball/618b96fd3bc8c1532610b7f7baedc4e60736a340",
                "reference": "618b96fd3bc8c1532610b7f7baedc4e60736a340",
                "shasum": ""
            },
            "require": {
                "composer-plugin-api": "1.0.0"
            },
            "type": "composer-plugin",
            "extra": {
                "class": "Koodimonni\\Composer\\Dropin"
            },
            "autoload": {
                "psr-4": {
                    "Koodimonni\\Composer\\": "src"
                }
            },
            "notification-url": "https://packagist.org/downloads/",
            "license": [
                "WTFPL"
            ],
            "authors": [
                {
                    "name": "Onni Hakala",
                    "email": "onni@koodimonni.fi"
                }
            ],
            "description": "Do what the fuck you want with your composer packages aka. Composer Dropin installer. Install packages or part of packages into custom paths without overwriting existing stuff.",
            "time": "2015-01-04 10:24:12"
        },
        {
            "name": "usstatedept/Newspaper",
            "version": "4.6.3.1",
            "source": {
                "type": "git",
                "url": "git@github.com:USStateDept/Newspaper.git",
                "reference": "5199909542453e442c793e72bc08ae4a3abeee0d"
            },
            "require": {
                "composer/installers": "v1.0.21"
            },
            "type": "wordpress-theme",
            "license": [
                "MIT"
            ],
            "description": "ShareAmerica's parent theme",
            "time": "2015-11-13 23:51:10"
        },
        {
            "name": "usstatedept/js_composer",
            "version": "4.4.4",
            "source": {
                "type": "git",
                "url": "git@github.com:USStateDept/js_composer.git",
                "reference": "2a6f7575837ef5bc2bce78bc97119e8118ef2b61"
            },
            "require": {
                "composer/installers": "v1.0.21"
            },
            "type": "wordpress-plugin",
            "license": [
                "MIT"
            ],
            "description": "Visual Composer.",
            "time": "2015-11-03 19:21:04"
        },
        {
            "name": "usstatedept/login-security-solution",
            "version": "0.44.0",
            "source": {
                "type": "git",
                "url": "git@github.com:USStateDept/login-security-solution.git",
                "reference": "4690e84b76000b1550b54b2a3c1298763ab73ae0"
            },
            "require": {
                "composer/installers": "~1.0"
            },
            "type": "wordpress-plugin",
            "description": "Security against brute force attacks by tracking IP, name, password; requiring very strong passwords. Idle timeout. Maintenance mode lockdown.",
            "time": "2015-10-06 12:35:45"
        },
        {
            "name": "usstatedept/mailchimp-for-wp-pro",
            "version": "2.4.2",
            "source": {
                "type": "git",
                "url": "git@github.com:USStateDept/mailchimp-for-wp-pro.git",
                "reference": "a89ec9c9d0d85b88804ac3f983c3b5a46610c2a4"
            },
            "require": {
                "composer/installers": "~1.0"
            },
            "type": "wordpress-plugin",
            "description": " ",
            "time": "2015-10-06 12:40:51"
        },
        {
            "name": "usstatedept/sb-rss-feed-plus",
            "version": "1.4.10",
            "source": {
                "type": "git",
                "url": "git@github.com:USStateDept/sb-rss-feed-plus.git",
                "reference": "6c88408fd6ec27ab60163a55a28d5316801559bd"
            },
            "require": {
                "composer/installers": "~1.0"
            },
            "type": "wordpress-plugin",
            "description": "This plugin will add post thumbnail to RSS feed items. Add signatur or simple ads. Create fulltext RSS (via special url)",
            "time": "2015-10-06 13:21:52"
        },
        {
            "name": "usstatedept/shareamerica",
            "version": "0.1.2",
            "source": {
                "type": "git",
                "url": "git@github.com:USStateDept/ShareAmerica-Theme.git",
                "reference": "961b32da58a9947fd2591cbfd0d3273936d1a896"
            },
            "require": {
                "composer/installers": "v1.0.21"
            },
            "type": "wordpress-theme",
            "license": [
                "MIT"
            ],
            "description": "ShareAmerica's theme, a child of Newspaper",
            "time": "2015-11-03 19:13:57"
        },
        {
            "name": "usstatedept/sitepress-multilingual-cms",
            "version": "3.2.7",
            "source": {
                "type": "git",
                "url": "git@github.com:USStateDept/sitepress-multilingual-cms.git",
                "reference": "e3c57aa4f9aec4dd234d429564515d4e32f66a9c"
            },
            "require": {
                "composer/installers": "v1.0.21"
            },
            "type": "wordpress-plugin",
            "license": [
                "GPL"
            ],
            "authors": [
                {
                    "name": "Nathan Kleekamp",
                    "email": "nkleekamp@gmail.com"
                }
            ],
            "description": "The core plugin turns WordPress multilingual. It adds the basic translation controls and allows translating content.",
            "time": "2015-11-04 19:02:35"
        },
        {
            "name": "usstatedept/td-social-counter",
            "version": "2.10",
            "source": {
                "type": "git",
                "url": "git@github.com:USStateDept/td-social-counter.git",
                "reference": "316e49c760e5fe9f9cc7fb22534bd40ac463a134"
            },
            "require": {
                "composer/installers": "~1.0"
            },
            "type": "wordpress-plugin",
            "description": "Social counter for wordpress",
            "time": "2015-11-03 19:17:28"
        },
        {
            "name": "usstatedept/wp-auto-login-and-custom-email",
            "version": "0.1.1",
            "source": {
                "type": "git",
                "url": "git@github.com:USStateDept/wp-auto-login-and-custom-email.git",
                "reference": "972520ddf989aa2b62ba59a72f3547bd3bfcfe22"
            },
            "require": {
                "composer/installers": "~1.0"
            },
            "type": "wordpress-plugin",
            "authors": [
                {
                    "name": "Office of Design, Bureau of International Information Programs",
                    "email": "gustassj@america.gov"
                }
            ],
            "description": "A simple WordPress plugin for single sign-on based on the user's email address.",
            "time": "2015-11-13 23:19:55"
        },
        {
            "name": "usstatedept/wpml-media",
            "version": "2.1.13",
            "source": {
                "type": "git",
                "url": "git@github.com:USStateDept/wpml-media.git",
                "reference": "6fc82b53e3a2618bf3aa9a9bf5294280da954a7c"
            },
            "require": {
                "composer/installers": "~1.0"
            },
            "type": "wordpress-plugin",
            "description": "Add multilingual support for Media files",
            "time": "2015-11-04 19:03:58"
        },
        {
            "name": "usstatedept/wpml-sticky-links",
            "version": "1.3.13",
            "source": {
                "type": "git",
                "url": "git@github.com:USStateDept/wpml-sticky-links.git",
                "reference": "720620a0097faa0e65dc4f6245ab8e0a5fdf342c"
            },
            "require": {
                "composer/installers": "~1.0"
            },
            "type": "wordpress-plugin",
            "description": "Prevents internal links from ever breaking",
            "time": "2015-11-04 19:05:39"
        },
        {
            "name": "usstatedept/wpml-string-translation",
            "version": "2.2.6",
            "source": {
                "type": "git",
                "url": "git@github.com:USStateDept/wpml-string-translation.git",
                "reference": "229a8e85b1b0e1c05f07604aa134f3508d8273e3"
            },
            "require": {
                "composer/installers": "~1.0"
            },
            "type": "wordpress-plugin",
            "description": "Adds theme and plugins localization capabilities to WPML",
            "time": "2015-11-04 19:01:04"
        },
        {
            "name": "usstatedept/wpml-translation-management",
            "version": "2.0.5",
            "source": {
                "type": "git",
                "url": "git@github.com:USStateDept/wpml-translation-management.git",
                "reference": "31680d05f68b0d7dbb07b841bb5cec0179ba7fba"
            },
            "require": {
                "composer/installers": "~1.0"
            },
            "type": "wordpress-plugin",
            "description": "Add a complete translation process for WPML",
            "time": "2015-11-04 19:13:31"
        },
        {
            "name": "wordpress",
            "version": "4.3.1",
            "dist": {
                "type": "zip",
                "url": "https://github.com/WordPress/WordPress/archive/4.3.1.zip",
                "reference": null,
                "shasum": null
            },
            "require": {
                "fancyguy/webroot-installer": "1.1.0"
            },
            "type": "webroot"
        },
        {
            "name": "wpackagist-plugin/adminimize",
            "version": "1.8.5",
            "source": {
                "type": "svn",
                "url": "http://plugins.svn.wordpress.org/adminimize/",
                "reference": "tags/1.8.5"
            },
            "dist": {
                "type": "zip",
                "url": "https://downloads.wordpress.org/plugin/adminimize.1.8.5.zip",
                "reference": null,
                "shasum": null
            },
            "require": {
                "composer/installers": "~1.0"
            },
            "type": "wordpress-plugin",
            "homepage": "https://wordpress.org/plugins/adminimize/"
        },
        {
            "name": "wpackagist-plugin/animated-gif-resize",
            "version": "1.0",
            "source": {
                "type": "svn",
                "url": "http://plugins.svn.wordpress.org/animated-gif-resize/",
                "reference": "trunk"
            },
            "dist": {
                "type": "zip",
                "url": "https://downloads.wordpress.org/plugin/animated-gif-resize.zip",
                "reference": null,
                "shasum": null
            },
            "require": {
                "composer/installers": "~1.0"
            },
            "type": "wordpress-plugin",
            "homepage": "https://wordpress.org/plugins/animated-gif-resize/"
        },
        {
            "name": "wpackagist-plugin/contact-form-7",
            "version": "4.3",
            "source": {
                "type": "svn",
                "url": "http://plugins.svn.wordpress.org/contact-form-7/",
                "reference": "tags/4.3"
            },
            "dist": {
                "type": "zip",
                "url": "https://downloads.wordpress.org/plugin/contact-form-7.4.3.zip",
                "reference": null,
                "shasum": null
            },
            "require": {
                "composer/installers": "~1.0"
            },
            "type": "wordpress-plugin",
            "homepage": "https://wordpress.org/plugins/contact-form-7/"
        },
        {
            "name": "wpackagist-plugin/custom-404-error-page",
            "version": "0.2.4",
            "source": {
                "type": "svn",
                "url": "http://plugins.svn.wordpress.org/custom-404-error-page/",
                "reference": "tags/0.2.4"
            },
            "dist": {
                "type": "zip",
                "url": "https://downloads.wordpress.org/plugin/custom-404-error-page.0.2.4.zip",
                "reference": null,
                "shasum": null
            },
            "require": {
                "composer/installers": "~1.0"
            },
            "type": "wordpress-plugin",
            "homepage": "https://wordpress.org/plugins/custom-404-error-page/"
        },
        {
            "name": "wpackagist-plugin/easy-wp-smtp",
            "version": "1.2.1",
            "source": {
                "type": "svn",
                "url": "http://plugins.svn.wordpress.org/easy-wp-smtp/",
                "reference": "trunk"
            },
            "dist": {
                "type": "zip",
                "url": "https://downloads.wordpress.org/plugin/easy-wp-smtp.zip",
                "reference": null,
                "shasum": null
            },
            "require": {
                "composer/installers": "~1.0"
            },
            "type": "wordpress-plugin",
            "homepage": "https://wordpress.org/plugins/easy-wp-smtp/"
        },
        {
            "name": "wpackagist-plugin/edik-enhanced-image-editor",
            "version": "0.1.2",
            "source": {
                "type": "svn",
                "url": "http://plugins.svn.wordpress.org/edik-enhanced-image-editor/",
                "reference": "tags/0.1.2"
            },
            "dist": {
                "type": "zip",
                "url": "https://downloads.wordpress.org/plugin/edik-enhanced-image-editor.0.1.2.zip",
                "reference": null,
                "shasum": null
            },
            "require": {
                "composer/installers": "~1.0"
            },
            "type": "wordpress-plugin",
            "homepage": "https://wordpress.org/plugins/edik-enhanced-image-editor/"
        },
        {
            "name": "wpackagist-plugin/ewww-image-optimizer",
            "version": "2.5.3",
            "source": {
                "type": "svn",
                "url": "http://plugins.svn.wordpress.org/ewww-image-optimizer/",
                "reference": "tags/2.5.3"
            },
            "dist": {
                "type": "zip",
                "url": "https://downloads.wordpress.org/plugin/ewww-image-optimizer.2.5.3.zip",
                "reference": null,
                "shasum": null
            },
            "require": {
                "composer/installers": "~1.0"
            },
            "type": "wordpress-plugin",
            "homepage": "https://wordpress.org/plugins/ewww-image-optimizer/"
        },
        {
            "name": "wpackagist-plugin/google-apps-login",
            "version": "2.8.12",
            "source": {
                "type": "svn",
                "url": "http://plugins.svn.wordpress.org/google-apps-login/",
                "reference": "tags/2.8.12"
            },
            "dist": {
                "type": "zip",
                "url": "https://downloads.wordpress.org/plugin/google-apps-login.2.8.12.zip",
                "reference": null,
                "shasum": null
            },
            "require": {
                "composer/installers": "~1.0"
            },
            "type": "wordpress-plugin",
            "homepage": "https://wordpress.org/plugins/google-apps-login/"
        },
        {
            "name": "wpackagist-plugin/gravitate-event-tracking",
            "version": "1.4.1",
            "source": {
                "type": "svn",
                "url": "http://plugins.svn.wordpress.org/gravitate-event-tracking/",
                "reference": "trunk"
            },
            "dist": {
                "type": "zip",
                "url": "https://downloads.wordpress.org/plugin/gravitate-event-tracking.zip",
                "reference": null,
                "shasum": null
            },
            "require": {
                "composer/installers": "~1.0"
            },
            "type": "wordpress-plugin",
            "homepage": "https://wordpress.org/plugins/gravitate-event-tracking/"
        },
        {
            "name": "wpackagist-plugin/iframe",
            "version": "4.2",
            "source": {
                "type": "svn",
                "url": "http://plugins.svn.wordpress.org/iframe/",
                "reference": "tags/4.2"
            },
            "dist": {
                "type": "zip",
                "url": "https://downloads.wordpress.org/plugin/iframe.4.2.zip",
                "reference": null,
                "shasum": null
            },
            "require": {
                "composer/installers": "~1.0"
            },
            "type": "wordpress-plugin",
            "homepage": "https://wordpress.org/plugins/iframe/"
        },
        {
            "name": "wpackagist-plugin/ipad-swipe",
            "version": "1.2",
            "source": {
                "type": "svn",
                "url": "http://plugins.svn.wordpress.org/ipad-swipe/",
                "reference": "tags/1.2"
            },
            "dist": {
                "type": "zip",
                "url": "https://downloads.wordpress.org/plugin/ipad-swipe.1.2.zip",
                "reference": null,
                "shasum": null
            },
            "require": {
                "composer/installers": "~1.0"
            },
            "type": "wordpress-plugin",
            "homepage": "https://wordpress.org/plugins/ipad-swipe/"
        },
        {
            "name": "wpackagist-plugin/manual-image-crop",
            "version": "1.12",
            "source": {
                "type": "svn",
                "url": "http://plugins.svn.wordpress.org/manual-image-crop/",
                "reference": "tags/1.12"
            },
            "dist": {
                "type": "zip",
                "url": "https://downloads.wordpress.org/plugin/manual-image-crop.1.12.zip",
                "reference": null,
                "shasum": null
            },
            "require": {
                "composer/installers": "~1.0"
            },
            "type": "wordpress-plugin",
            "homepage": "https://wordpress.org/plugins/manual-image-crop/"
        },
        {
            "name": "wpackagist-plugin/q2w3-fixed-widget",
            "version": "4.0.6",
            "source": {
                "type": "svn",
                "url": "http://plugins.svn.wordpress.org/q2w3-fixed-widget/",
                "reference": "tags/4.0.6"
            },
            "dist": {
                "type": "zip",
                "url": "https://downloads.wordpress.org/plugin/q2w3-fixed-widget.4.0.6.zip",
                "reference": null,
                "shasum": null
            },
            "require": {
                "composer/installers": "~1.0"
            },
            "type": "wordpress-plugin",
            "homepage": "https://wordpress.org/plugins/q2w3-fixed-widget/"
        },
        {
            "name": "wpackagist-plugin/really-simple-captcha",
            "version": "1.8.0.1",
            "source": {
                "type": "svn",
                "url": "http://plugins.svn.wordpress.org/really-simple-captcha/",
                "reference": "tags/1.8.0.1"
            },
            "dist": {
                "type": "zip",
                "url": "https://downloads.wordpress.org/plugin/really-simple-captcha.1.8.0.1.zip",
                "reference": null,
                "shasum": null
            },
            "require": {
                "composer/installers": "~1.0"
            },
            "type": "wordpress-plugin",
            "homepage": "https://wordpress.org/plugins/really-simple-captcha/"
        },
        {
            "name": "wpackagist-plugin/safe-redirect-manager",
            "version": "1.7.7",
            "source": {
                "type": "svn",
                "url": "http://plugins.svn.wordpress.org/safe-redirect-manager/",
                "reference": "tags/1.7.7"
            },
            "dist": {
                "type": "zip",
                "url": "https://downloads.wordpress.org/plugin/safe-redirect-manager.1.7.7.zip",
                "reference": null,
                "shasum": null
            },
            "require": {
                "composer/installers": "~1.0"
            },
            "type": "wordpress-plugin",
            "homepage": "https://wordpress.org/plugins/safe-redirect-manager/"
        },
        {
            "name": "wpackagist-plugin/sb-rss-feed-plus",
            "version": "1.4.15",
            "source": {
                "type": "svn",
                "url": "http://plugins.svn.wordpress.org/sb-rss-feed-plus/",
                "reference": "trunk"
            },
            "dist": {
                "type": "zip",
                "url": "https://downloads.wordpress.org/plugin/sb-rss-feed-plus.zip",
                "reference": null,
                "shasum": null
            },
            "require": {
                "composer/installers": "~1.0"
            },
            "type": "wordpress-plugin",
            "homepage": "https://wordpress.org/plugins/sb-rss-feed-plus/"
        },
        {
            "name": "wpackagist-plugin/tablepress",
            "version": "1.6.1",
            "source": {
                "type": "svn",
                "url": "http://plugins.svn.wordpress.org/tablepress/",
                "reference": "tags/1.6.1"
            },
            "dist": {
                "type": "zip",
                "url": "https://downloads.wordpress.org/plugin/tablepress.1.6.1.zip",
                "reference": null,
                "shasum": null
            },
            "require": {
                "composer/installers": "~1.0"
            },
            "type": "wordpress-plugin",
            "homepage": "https://wordpress.org/plugins/tablepress/"
        },
        {
            "name": "wpackagist-plugin/wordpress-mu-domain-mapping",
            "version": "0.5.5.1",
            "source": {
                "type": "svn",
                "url": "http://plugins.svn.wordpress.org/wordpress-mu-domain-mapping/",
                "reference": "tags/0.5.5.1"
            },
            "dist": {
                "type": "zip",
                "url": "https://downloads.wordpress.org/plugin/wordpress-mu-domain-mapping.0.5.5.1.zip",
                "reference": null,
                "shasum": null
            },
            "require": {
                "composer/installers": "~1.0"
            },
            "type": "wordpress-plugin",
            "homepage": "https://wordpress.org/plugins/wordpress-mu-domain-mapping/"
        },
        {
            "name": "wpackagist-plugin/wordpress-seo",
            "version": "2.3.5",
            "source": {
                "type": "svn",
                "url": "http://plugins.svn.wordpress.org/wordpress-seo/",
                "reference": "tags/2.3.5"
            },
            "dist": {
                "type": "zip",
                "url": "https://downloads.wordpress.org/plugin/wordpress-seo.2.3.5.zip",
                "reference": null,
                "shasum": null
            },
            "require": {
                "composer/installers": "~1.0"
            },
            "type": "wordpress-plugin",
            "homepage": "https://wordpress.org/plugins/wordpress-seo/"
        },
        {
            "name": "wpackagist-plugin/wp-external-links",
            "version": "1.80",
            "source": {
                "type": "svn",
                "url": "http://plugins.svn.wordpress.org/wp-external-links/",
                "reference": "tags/1.80"
            },
            "dist": {
                "type": "zip",
                "url": "https://downloads.wordpress.org/plugin/wp-external-links.1.80.zip",
                "reference": null,
                "shasum": null
            },
            "require": {
                "composer/installers": "~1.0"
            },
            "type": "wordpress-plugin",
            "homepage": "https://wordpress.org/plugins/wp-external-links/"
        },
        {
            "name": "wpackagist-plugin/wp-keyboard-navigation",
            "version": "1.0.1",
            "source": {
                "type": "svn",
                "url": "http://plugins.svn.wordpress.org/wp-keyboard-navigation/",
                "reference": "trunk"
            },
            "dist": {
                "type": "zip",
                "url": "https://downloads.wordpress.org/plugin/wp-keyboard-navigation.zip",
                "reference": null,
                "shasum": null
            },
            "require": {
                "composer/installers": "~1.0"
            },
            "type": "wordpress-plugin",
            "homepage": "https://wordpress.org/plugins/wp-keyboard-navigation/"
        },
        {
            "name": "wpackagist-plugin/wp-user-avatar",
            "version": "2.0.3",
            "source": {
                "type": "svn",
                "url": "http://plugins.svn.wordpress.org/wp-user-avatar/",
                "reference": "trunk"
            },
            "dist": {
                "type": "zip",
                "url": "https://downloads.wordpress.org/plugin/wp-user-avatar.zip",
                "reference": null,
                "shasum": null
            },
            "require": {
                "composer/installers": "~1.0"
            },
            "type": "wordpress-plugin",
            "homepage": "https://wordpress.org/plugins/wp-user-avatar/"
        },
        {
            "name": "wpackagist-plugin/wpfront-user-role-editor",
            "version": "2.12",
            "source": {
                "type": "svn",
                "url": "http://plugins.svn.wordpress.org/wpfront-user-role-editor/",
                "reference": "tags/2.12"
            },
            "dist": {
                "type": "zip",
                "url": "https://downloads.wordpress.org/plugin/wpfront-user-role-editor.2.12.zip",
                "reference": null,
                "shasum": null
            },
            "require": {
                "composer/installers": "~1.0"
            },
            "type": "wordpress-plugin",
            "homepage": "https://wordpress.org/plugins/wpfront-user-role-editor/"
        }
    ],
    "packages-dev": [],
    "aliases": [],
    "minimum-stability": "stable",
    "stability-flags": [],
    "prefer-stable": false,
    "prefer-lowest": false,
    "platform": [],
    "platform-dev": []
}
